
Microsoft Visual Studio Solution File, Format Version 12.00
# Visual Studio 14
VisualStudioVersion = 14.0.25123.0
MinimumVisualStudioVersion = 10.0.40219.1
Project("{FAE04EC0-301F-11D3-BF4B-00C04F79EFBC}") = "ConsoleApplication24", "ConsoleApplication24\ConsoleApplication24.csproj", "{CFFFC719-89C2-452F-8447-FE226D159CA1}"
EndProject
Global
	GlobalSection(SolutionConfigurationPlatforms) = preSolution
		Debug|Any CPU = Debug|Any CPU
		Release|Any CPU = Release|Any CPU
	EndGlobalSection
	GlobalSection(ProjectConfigurationPlatforms) = postSolution
		{CFFFC719-89C2-452F-8447-FE226D159CA1}.Debug|Any CPU.ActiveCfg = Debug|Any CPU
		{CFFFC719-89C2-452F-8447-FE226D159CA1}.Debug|Any CPU.Build.0 = Debug|Any CPU
		{CFFFC719-89C2-452F-8447-FE226D159CA1}.Release|Any CPU.ActiveCfg = Release|Any CPU
		{CFFFC719-89C2-452F-8447-FE226D159CA1}.Release|Any CPU.Build.0 = Release|Any CPU
	EndGlobalSection
	GlobalSection(SolutionProperties) = preSolution
		HideSolutionNode = FALSE
	EndGlobalSection
EndGlobal
