
Microsoft Visual Studio Solution File, Format Version 12.00
# Visual Studio 2013
VisualStudioVersion = 12.0.21005.1
MinimumVisualStudioVersion = 10.0.40219.1
Project("{2150E333-8FDC-42A3-9474-1A3956D46DE8}") = "Common", "Common", "{4FBDA598-6904-4CE9-8749-400EED4CF96E}"
EndProject
Project("{FAE04EC0-301F-11D3-BF4B-00C04F79EFBC}") = "Interfaces", "Interfaces\Interfaces.csproj", "{8E4BEF5C-FB83-4A3A-B269-C88257B27626}"
EndProject
Project("{2150E333-8FDC-42A3-9474-1A3956D46DE8}") = "CodeFirst", "CodeFirst", "{074FD6B5-5E86-4A8E-A39D-68AE562E70C8}"
EndProject
Project("{FAE04EC0-301F-11D3-BF4B-00C04F79EFBC}") = "DatabaseLibrary", "DatabaseLibrary\DatabaseLibrary.csproj", "{BC3D1B46-D00D-44EC-ABBD-9FC3E3B79AC5}"
EndProject
Project("{FAE04EC0-301F-11D3-BF4B-00C04F79EFBC}") = "Repositories", "Repositories\Repositories.csproj", "{D1182D61-3D9A-4126-AC91-D8A96A350A23}"
EndProject
Project("{FAE04EC0-301F-11D3-BF4B-00C04F79EFBC}") = "ConsoleTest", "ConsoleTest\ConsoleTest.csproj", "{46884C18-237E-4572-BCE5-EFD3964700EA}"
EndProject
Project("{FAE04EC0-301F-11D3-BF4B-00C04F79EFBC}") = "SimplePay.DataTransferObjects", "..\..\SimplePay.DataTransferObjects\SimplePay.DataTransferObjects.csproj", "{0C0867D7-0588-416A-ACDF-ECE2C13E3B2F}"
EndProject
Global
	GlobalSection(SolutionConfigurationPlatforms) = preSolution
		Debug|Any CPU = Debug|Any CPU
		Release|Any CPU = Release|Any CPU
	EndGlobalSection
	GlobalSection(ProjectConfigurationPlatforms) = postSolution
		{8E4BEF5C-FB83-4A3A-B269-C88257B27626}.Debug|Any CPU.ActiveCfg = Debug|Any CPU
		{8E4BEF5C-FB83-4A3A-B269-C88257B27626}.Debug|Any CPU.Build.0 = Debug|Any CPU
		{8E4BEF5C-FB83-4A3A-B269-C88257B27626}.Release|Any CPU.ActiveCfg = Release|Any CPU
		{8E4BEF5C-FB83-4A3A-B269-C88257B27626}.Release|Any CPU.Build.0 = Release|Any CPU
		{BC3D1B46-D00D-44EC-ABBD-9FC3E3B79AC5}.Debug|Any CPU.ActiveCfg = Debug|Any CPU
		{BC3D1B46-D00D-44EC-ABBD-9FC3E3B79AC5}.Debug|Any CPU.Build.0 = Debug|Any CPU
		{BC3D1B46-D00D-44EC-ABBD-9FC3E3B79AC5}.Release|Any CPU.ActiveCfg = Release|Any CPU
		{BC3D1B46-D00D-44EC-ABBD-9FC3E3B79AC5}.Release|Any CPU.Build.0 = Release|Any CPU
		{D1182D61-3D9A-4126-AC91-D8A96A350A23}.Debug|Any CPU.ActiveCfg = Debug|Any CPU
		{D1182D61-3D9A-4126-AC91-D8A96A350A23}.Debug|Any CPU.Build.0 = Debug|Any CPU
		{D1182D61-3D9A-4126-AC91-D8A96A350A23}.Release|Any CPU.ActiveCfg = Release|Any CPU
		{D1182D61-3D9A-4126-AC91-D8A96A350A23}.Release|Any CPU.Build.0 = Release|Any CPU
		{46884C18-237E-4572-BCE5-EFD3964700EA}.Debug|Any CPU.ActiveCfg = Debug|Any CPU
		{46884C18-237E-4572-BCE5-EFD3964700EA}.Debug|Any CPU.Build.0 = Debug|Any CPU
		{46884C18-237E-4572-BCE5-EFD3964700EA}.Release|Any CPU.ActiveCfg = Release|Any CPU
		{46884C18-237E-4572-BCE5-EFD3964700EA}.Release|Any CPU.Build.0 = Release|Any CPU
		{0C0867D7-0588-416A-ACDF-ECE2C13E3B2F}.Debug|Any CPU.ActiveCfg = Debug|Any CPU
		{0C0867D7-0588-416A-ACDF-ECE2C13E3B2F}.Debug|Any CPU.Build.0 = Debug|Any CPU
		{0C0867D7-0588-416A-ACDF-ECE2C13E3B2F}.Release|Any CPU.ActiveCfg = Release|Any CPU
		{0C0867D7-0588-416A-ACDF-ECE2C13E3B2F}.Release|Any CPU.Build.0 = Release|Any CPU
	EndGlobalSection
	GlobalSection(SolutionProperties) = preSolution
		HideSolutionNode = FALSE
	EndGlobalSection
	GlobalSection(NestedProjects) = preSolution
		{8E4BEF5C-FB83-4A3A-B269-C88257B27626} = {4FBDA598-6904-4CE9-8749-400EED4CF96E}
		{BC3D1B46-D00D-44EC-ABBD-9FC3E3B79AC5} = {074FD6B5-5E86-4A8E-A39D-68AE562E70C8}
		{D1182D61-3D9A-4126-AC91-D8A96A350A23} = {074FD6B5-5E86-4A8E-A39D-68AE562E70C8}
	EndGlobalSection
EndGlobal
